
Microsoft Visual Studio Solution File, Format Version 12.00
# Visual Studio Version 16
VisualStudioVersion = 16.0.35425.106
MinimumVisualStudioVersion = 10.0.40219.1
Project("{D2ABAB84-BF74-430A-B69E-9DC6D40DDA17}") = "cw_ssas", "cw_ssas.dwproj", "{8D64572A-097F-4C69-A77E-B0A58E56B6FA}"
EndProject
Global
	GlobalSection(SolutionConfigurationPlatforms) = preSolution
		Development|Default = Development|Default
	EndGlobalSection
	GlobalSection(ProjectConfigurationPlatforms) = postSolution
		{8D64572A-097F-4C69-A77E-B0A58E56B6FA}.Development|Default.ActiveCfg = Development
		{8D64572A-097F-4C69-A77E-B0A58E56B6FA}.Development|Default.Build.0 = Development
		{8D64572A-097F-4C69-A77E-B0A58E56B6FA}.Development|Default.Deploy.0 = Development
	EndGlobalSection
	GlobalSection(SolutionProperties) = preSolution
		HideSolutionNode = FALSE
	EndGlobalSection
	GlobalSection(ExtensibilityGlobals) = postSolution
		SolutionGuid = {0FD1A1CA-F216-4FF5-9DBA-A8DC39B5D6FF}
	EndGlobalSection
EndGlobal
